// !$*UTF8*$!
{
	archiveVersion = 1;
	classes = {
	};
	objectVersion = 56;
	objects = {

/* Begin PBXBuildFile section */
		25CB8A26284F3E420036FC38 /* SwiftUI4App.swift in Sources */ = {isa = PBXBuildFile; fileRef = 25CB8A25284F3E420036FC38 /* SwiftUI4App.swift */; };
		25CB8A28284F3E420036FC38 /* ContentView.swift in Sources */ = {isa = PBXBuildFile; fileRef = 25CB8A27284F3E420036FC38 /* ContentView.swift */; };
		25CB8A2A284F3E440036FC38 /* Assets.xcassets in Resources */ = {isa = PBXBuildFile; fileRef = 25CB8A29284F3E440036FC38 /* Assets.xcassets */; };
		25CB8A2D284F3E440036FC38 /* Preview Assets.xcassets in Resources */ = {isa = PBXBuildFile; fileRef = 25CB8A2C284F3E440036FC38 /* Preview Assets.xcassets */; };
		25CB8A37284F496E0036FC38 /* Destination.swift in Sources */ = {isa = PBXBuildFile; fileRef = 25CB8A36284F496E0036FC38 /* Destination.swift */; };
		25CB8A39284F4AA70036FC38 /* ViewFactory.swift in Sources */ = {isa = PBXBuildFile; fileRef = 25CB8A38284F4AA70036FC38 /* ViewFactory.swift */; };
		25CB8A3B284F4B040036FC38 /* FirstPage.swift in Sources */ = {isa = PBXBuildFile; fileRef = 25CB8A3A284F4B040036FC38 /* FirstPage.swift */; };
		25CB8A3D284F4B390036FC38 /* SecondPage.swift in Sources */ = {isa = PBXBuildFile; fileRef = 25CB8A3C284F4B390036FC38 /* SecondPage.swift */; };
		25CB8A3F284F5C850036FC38 /* Coordinator.swift in Sources */ = {isa = PBXBuildFile; fileRef = 25CB8A3E284F5C850036FC38 /* Coordinator.swift */; };
		25CB8A41284F5D5C0036FC38 /* MainView.swift in Sources */ = {isa = PBXBuildFile; fileRef = 25CB8A40284F5D5C0036FC38 /* MainView.swift */; };
/* End PBXBuildFile section */

/* Begin PBXFileReference section */
		25CB8A22284F3E420036FC38 /* SwiftUI4.app */ = {isa = PBXFileReference; explicitFileType = wrapper.application; includeInIndex = 0; path = SwiftUI4.app; sourceTree = BUILT_PRODUCTS_DIR; };
		25CB8A25284F3E420036FC38 /* SwiftUI4App.swift */ = {isa = PBXFileReference; lastKnownFileType = sourcecode.swift; path = SwiftUI4App.swift; sourceTree = "<group>"; };
		25CB8A27284F3E420036FC38 /* ContentView.swift */ = {isa = PBXFileReference; lastKnownFileType = sourcecode.swift; path = ContentView.swift; sourceTree = "<group>"; };
		25CB8A29284F3E440036FC38 /* Assets.xcassets */ = {isa = PBXFileReference; lastKnownFileType = folder.assetcatalog; path = Assets.xcassets; sourceTree = "<group>"; };
		25CB8A2C284F3E440036FC38 /* Preview Assets.xcassets */ = {isa = PBXFileReference; lastKnownFileType = folder.assetcatalog; path = "Preview Assets.xcassets"; sourceTree = "<group>"; };
		25CB8A36284F496E0036FC38 /* Destination.swift */ = {isa = PBXFileReference; lastKnownFileType = sourcecode.swift; path = Destination.swift; sourceTree = "<group>"; };
		25CB8A38284F4AA70036FC38 /* ViewFactory.swift */ = {isa = PBXFileReference; lastKnownFileType = sourcecode.swift; path = ViewFactory.swift; sourceTree = "<group>"; };
		25CB8A3A284F4B040036FC38 /* FirstPage.swift */ = {isa = PBXFileReference; lastKnownFileType = sourcecode.swift; path = FirstPage.swift; sourceTree = "<group>"; };
		25CB8A3C284F4B390036FC38 /* SecondPage.swift */ = {isa = PBXFileReference; lastKnownFileType = sourcecode.swift; path = SecondPage.swift; sourceTree = "<group>"; };
		25CB8A3E284F5C850036FC38 /* Coordinator.swift */ = {isa = PBXFileReference; lastKnownFileType = sourcecode.swift; path = Coordinator.swift; sourceTree = "<group>"; };
		25CB8A40284F5D5C0036FC38 /* MainView.swift */ = {isa = PBXFileReference; lastKnownFileType = sourcecode.swift; path = MainView.swift; sourceTree = "<group>"; };
/* End PBXFileReference section */

/* Begin PBXFrameworksBuildPhase section */
		25CB8A1F284F3E420036FC38 /* Frameworks */ = {
			isa = PBXFrameworksBuildPhase;
			buildActionMask = 2147483647;
			files = (
			);
			runOnlyForDeploymentPostprocessing = 0;
		};
/* End PBXFrameworksBuildPhase section */

/* Begin PBXGroup section */
		25CB8A19284F3E420036FC38 = {
			isa = PBXGroup;
			children = (
				25CB8A24284F3E420036FC38 /* SwiftUI4 */,
				25CB8A23284F3E420036FC38 /* Products */,
			);
			sourceTree = "<group>";
		};
		25CB8A23284F3E420036FC38 /* Products */ = {
			isa = PBXGroup;
			children = (
				25CB8A22284F3E420036FC38 /* SwiftUI4.app */,
			);
			name = Products;
			sourceTree = "<group>";
		};
		25CB8A24284F3E420036FC38 /* SwiftUI4 */ = {
			isa = PBXGroup;
			children = (
				25CB8A25284F3E420036FC38 /* SwiftUI4App.swift */,
				25CB8A3E284F5C850036FC38 /* Coordinator.swift */,
				25CB8A36284F496E0036FC38 /* Destination.swift */,
				25CB8A35284F41AE0036FC38 /* Views */,
				25CB8A29284F3E440036FC38 /* Assets.xcassets */,
				25CB8A2B284F3E440036FC38 /* Preview Content */,
			);
			path = SwiftUI4;
			sourceTree = "<group>";
		};
		25CB8A2B284F3E440036FC38 /* Preview Content */ = {
			isa = PBXGroup;
			children = (
				25CB8A2C284F3E440036FC38 /* Preview Assets.xcassets */,
			);
			path = "Preview Content";
			sourceTree = "<group>";
		};
		25CB8A35284F41AE0036FC38 /* Views */ = {
			isa = PBXGroup;
			children = (
				25CB8A27284F3E420036FC38 /* ContentView.swift */,
				25CB8A3A284F4B040036FC38 /* FirstPage.swift */,
				25CB8A3C284F4B390036FC38 /* SecondPage.swift */,
				25CB8A38284F4AA70036FC38 /* ViewFactory.swift */,
				25CB8A40284F5D5C0036FC38 /* MainView.swift */,
			);
			path = Views;
			sourceTree = "<group>";
		};
/* End PBXGroup section */

/* Begin PBXNativeTarget section */
		25CB8A21284F3E420036FC38 /* SwiftUI4 */ = {
			isa = PBXNativeTarget;
			buildConfigurationList = 25CB8A30284F3E440036FC38 /* Build configuration list for PBXNativeTarget "SwiftUI4" */;
			buildPhases = (
				25CB8A1E284F3E420036FC38 /* Sources */,
				25CB8A1F284F3E420036FC38 /* Frameworks */,
				25CB8A20284F3E420036FC38 /* Resources */,
			);
			buildRules = (
			);
			dependencies = (
			);
			name = SwiftUI4;
			productName = SwiftUI4;
			productReference = 25CB8A22284F3E420036FC38 /* SwiftUI4.app */;
			productType = "com.apple.product-type.application";
		};
/* End PBXNativeTarget section */

/* Begin PBXProject section */
		25CB8A1A284F3E420036FC38 /* Project object */ = {
			isa = PBXProject;
			attributes = {
				BuildIndependentTargetsInParallel = 1;
				LastSwiftUpdateCheck = 1400;
				LastUpgradeCheck = 1400;
				TargetAttributes = {
					25CB8A21284F3E420036FC38 = {
						CreatedOnToolsVersion = 14.0;
					};
				};
			};
			buildConfigurationList = 25CB8A1D284F3E420036FC38 /* Build configuration list for PBXProject "SwiftUI4" */;
			compatibilityVersion = "Xcode 14.0";
			developmentRegion = en;
			hasScannedForEncodings = 0;
			knownRegions = (
				en,
				Base,
			);
			mainGroup = 25CB8A19284F3E420036FC38;
			productRefGroup = 25CB8A23284F3E420036FC38 /* Products */;
			projectDirPath = "";
			projectRoot = "";
			targets = (
				25CB8A21284F3E420036FC38 /* SwiftUI4 */,
			);
		};
/* End PBXProject section */

/* Begin PBXResourcesBuildPhase section */
		25CB8A20284F3E420036FC38 /* Resources */ = {
			isa = PBXResourcesBuildPhase;
			buildActionMask = 2147483647;
			files = (
				25CB8A2D284F3E440036FC38 /* Preview Assets.xcassets in Resources */,
				25CB8A2A284F3E440036FC38 /* Assets.xcassets in Resources */,
			);
			runOnlyForDeploymentPostprocessing = 0;
		};
/* End PBXResourcesBuildPhase section */

/* Begin PBXSourcesBuildPhase section */
		25CB8A1E284F3E420036FC38 /* Sources */ = {
			isa = PBXSourcesBuildPhase;
			buildActionMask = 2147483647;
			files = (
				25CB8A28284F3E420036FC38 /* ContentView.swift in Sources */,
				25CB8A41284F5D5C0036FC38 /* MainView.swift in Sources */,
				25CB8A39284F4AA70036FC38 /* ViewFactory.swift in Sources */,
				25CB8A3D284F4B390036FC38 /* SecondPage.swift in Sources */,
				25CB8A37284F496E0036FC38 /* Destination.swift in Sources */,
				25CB8A26284F3E420036FC38 /* SwiftUI4App.swift in Sources */,
				25CB8A3B284F4B040036FC38 /* FirstPage.swift in Sources */,
				25CB8A3F284F5C850036FC38 /* Coordinator.swift in Sources */,
			);
			runOnlyForDeploymentPostprocessing = 0;
		};
/* End PBXSourcesBuildPhase section */

/* Begin XCBuildConfiguration section */
		25CB8A2E284F3E440036FC38 /* Debug */ = {
			isa = XCBuildConfiguration;
			buildSettings = {
				ALWAYS_SEARCH_USER_PATHS = NO;
				CLANG_ANALYZER_NONNULL = YES;
				CLANG_ANALYZER_NUMBER_OBJECT_CONVERSION = YES_AGGRESSIVE;
				CLANG_CXX_LANGUAGE_STANDARD = "gnu++17";
				CLANG_ENABLE_MODULES = YES;
				CLANG_ENABLE_OBJC_ARC = YES;
				CLANG_ENABLE_OBJC_WEAK = YES;
				CLANG_WARN_BLOCK_CAPTURE_AUTORELEASING = YES;
				CLANG_WARN_BOOL_CONVERSION = YES;
				CLANG_WARN_COMMA = YES;
				CLANG_WARN_CONSTANT_CONVERSION = YES;
				CLANG_WARN_DEPRECATED_OBJC_IMPLEMENTATIONS = YES;
				CLANG_WARN_DIRECT_OBJC_ISA_USAGE = YES_ERROR;
				CLANG_WARN_DOCUMENTATION_COMMENTS = YES;
				CLANG_WARN_EMPTY_BODY = YES;
				CLANG_WARN_ENUM_CONVERSION = YES;
				CLANG_WARN_INFINITE_RECURSION = YES;
				CLANG_WARN_INT_CONVERSION = YES;
				CLANG_WARN_NON_LITERAL_NULL_CONVERSION = YES;
				CLANG_WARN_OBJC_IMPLICIT_RETAIN_SELF = YES;
				CLANG_WARN_OBJC_LITERAL_CONVERSION = YES;
				CLANG_WARN_OBJC_ROOT_CLASS = YES_ERROR;
				CLANG_WARN_QUOTED_INCLUDE_IN_FRAMEWORK_HEADER = YES;
				CLANG_WARN_RANGE_LOOP_ANALYSIS = YES;
				CLANG_WARN_STRICT_PROTOTYPES = YES;
				CLANG_WARN_SUSPICIOUS_MOVE = YES;
				CLANG_WARN_UNGUARDED_AVAILABILITY = YES_AGGRESSIVE;
				CLANG_WARN_UNREACHABLE_CODE = YES;
				CLANG_WARN__DUPLICATE_METHOD_MATCH = YES;
				COPY_PHASE_STRIP = NO;
				DEBUG_INFORMATION_FORMAT = dwarf;
				ENABLE_STRICT_OBJC_MSGSEND = YES;
				ENABLE_TESTABILITY = YES;
				GCC_C_LANGUAGE_STANDARD = gnu11;
				GCC_DYNAMIC_NO_PIC = NO;
				GCC_NO_COMMON_BLOCKS = YES;
				GCC_OPTIMIZATION_LEVEL = 0;
				GCC_PREPROCESSOR_DEFINITIONS = (
					"DEBUG=1",
					"$(inherited)",
				);
				GCC_WARN_64_TO_32_BIT_CONVERSION = YES;
				GCC_WARN_ABOUT_RETURN_TYPE = YES_ERROR;
				GCC_WARN_UNDECLARED_SELECTOR = YES;
				GCC_WARN_UNINITIALIZED_AUTOS = YES_AGGRESSIVE;
				GCC_WARN_UNUSED_FUNCTION = YES;
				GCC_WARN_UNUSED_VARIABLE = YES;
				IPHONEOS_DEPLOYMENT_TARGET = 16.0;
				MTL_ENABLE_DEBUG_INFO = INCLUDE_SOURCE;
				MTL_FAST_MATH = YES;
				ONLY_ACTIVE_ARCH = YES;
				SDKROOT = iphoneos;
				SWIFT_ACTIVE_COMPILATION_CONDITIONS = DEBUG;
				SWIFT_OPTIMIZATION_LEVEL = "-Onone";
			};
			name = Debug;
		};
		25CB8A2F284F3E440036FC38 /* Release */ = {
			isa = XCBuildConfiguration;
			buildSettings = {
				ALWAYS_SEARCH_USER_PATHS = NO;
				CLANG_ANALYZER_NONNULL = YES;
				CLANG_ANALYZER_NUMBER_OBJECT_CONVERSION = YES_AGGRESSIVE;
				CLANG_CXX_LANGUAGE_STANDARD = "gnu++17";
				CLANG_ENABLE_MODULES = YES;
				CLANG_ENABLE_OBJC_ARC = YES;
				CLANG_ENABLE_OBJC_WEAK = YES;
				CLANG_WARN_BLOCK_CAPTURE_AUTORELEASING = YES;
				CLANG_WARN_BOOL_CONVERSION = YES;
				CLANG_WARN_COMMA = YES;
				CLANG_WARN_CONSTANT_CONVERSION = YES;
				CLANG_WARN_DEPRECATED_OBJC_IMPLEMENTATIONS = YES;
				CLANG_WARN_DIRECT_OBJC_ISA_USAGE = YES_ERROR;
				CLANG_WARN_DOCUMENTATION_COMMENTS = YES;
				CLANG_WARN_EMPTY_BODY = YES;
				CLANG_WARN_ENUM_CONVERSION = YES;
				CLANG_WARN_INFINITE_RECURSION = YES;
				CLANG_WARN_INT_CONVERSION = YES;
				CLANG_WARN_NON_LITERAL_NULL_CONVERSION = YES;
				CLANG_WARN_OBJC_IMPLICIT_RETAIN_SELF = YES;
				CLANG_WARN_OBJC_LITERAL_CONVERSION = YES;
				CLANG_WARN_OBJC_ROOT_CLASS = YES_ERROR;
				CLANG_WARN_QUOTED_INCLUDE_IN_FRAMEWORK_HEADER = YES;
				CLANG_WARN_RANGE_LOOP_ANALYSIS = YES;
				CLANG_WARN_STRICT_PROTOTYPES = YES;
				CLANG_WARN_SUSPICIOUS_MOVE = YES;
				CLANG_WARN_UNGUARDED_AVAILABILITY = YES_AGGRESSIVE;
				CLANG_WARN_UNREACHABLE_CODE = YES;
				CLANG_WARN__DUPLICATE_METHOD_MATCH = YES;
				COPY_PHASE_STRIP = NO;
				DEBUG_INFORMATION_FORMAT = "dwarf-with-dsym";
				ENABLE_NS_ASSERTIONS = NO;
				ENABLE_STRICT_OBJC_MSGSEND = YES;
				GCC_C_LANGUAGE_STANDARD = gnu11;
				GCC_NO_COMMON_BLOCKS = YES;
				GCC_WARN_64_TO_32_BIT_CONVERSION = YES;
				GCC_WARN_ABOUT_RETURN_TYPE = YES_ERROR;
				GCC_WARN_UNDECLARED_SELECTOR = YES;
				GCC_WARN_UNINITIALIZED_AUTOS = YES_AGGRESSIVE;
				GCC_WARN_UNUSED_FUNCTION = YES;
				GCC_WARN_UNUSED_VARIABLE = YES;
				IPHONEOS_DEPLOYMENT_TARGET = 16.0;
				MTL_ENABLE_DEBUG_INFO = NO;
				MTL_FAST_MATH = YES;
				SDKROOT = iphoneos;
				SWIFT_COMPILATION_MODE = wholemodule;
				SWIFT_OPTIMIZATION_LEVEL = "-O";
				VALIDATE_PRODUCT = YES;
			};
			name = Release;
		};
		25CB8A31284F3E440036FC38 /* Debug */ = {
			isa = XCBuildConfiguration;
			buildSettings = {
				ASSETCATALOG_COMPILER_APPICON_NAME = AppIcon;
				ASSETCATALOG_COMPILER_GLOBAL_ACCENT_COLOR_NAME = AccentColor;
				CODE_SIGN_STYLE = Automatic;
				CURRENT_PROJECT_VERSION = 1;
				DEVELOPMENT_ASSET_PATHS = "\"SwiftUI4/Preview Content\"";
				ENABLE_PREVIEWS = YES;
				GENERATE_INFOPLIST_FILE = YES;
				INFOPLIST_KEY_UIApplicationSceneManifest_Generation = YES;
				INFOPLIST_KEY_UIApplicationSupportsIndirectInputEvents = YES;
				INFOPLIST_KEY_UILaunchScreen_Generation = YES;
				INFOPLIST_KEY_UISupportedInterfaceOrientations_iPad = "UIInterfaceOrientationPortrait UIInterfaceOrientationPortraitUpsideDown UIInterfaceOrientationLandscapeLeft UIInterfaceOrientationLandscapeRight";
				INFOPLIST_KEY_UISupportedInterfaceOrientations_iPhone = "UIInterfaceOrientationPortrait UIInterfaceOrientationLandscapeLeft UIInterfaceOrientationLandscapeRight";
				LD_RUNPATH_SEARCH_PATHS = (
					"$(inherited)",
					"@executable_path/Frameworks",
				);
				MARKETING_VERSION = 1.0;
				PRODUCT_BUNDLE_IDENTIFIER = com.gfrigerio.SwiftUI4;
				PRODUCT_NAME = "$(TARGET_NAME)";
				SWIFT_EMIT_LOC_STRINGS = YES;
				SWIFT_VERSION = 5.0;
				TARGETED_DEVICE_FAMILY = "1,2";
			};
			name = Debug;
		};
		25CB8A32284F3E440036FC38 /* Release */ = {
			isa = XCBuildConfiguration;
			buildSettings = {
				ASSETCATALOG_COMPILER_APPICON_NAME = AppIcon;
				ASSETCATALOG_COMPILER_GLOBAL_ACCENT_COLOR_NAME = AccentColor;
				CODE_SIGN_STYLE = Automatic;
				CURRENT_PROJECT_VERSION = 1;
				DEVELOPMENT_ASSET_PATHS = "\"SwiftUI4/Preview Content\"";
				ENABLE_PREVIEWS = YES;
				GENERATE_INFOPLIST_FILE = YES;
				INFOPLIST_KEY_UIApplicationSceneManifest_Generation = YES;
				INFOPLIST_KEY_UIApplicationSupportsIndirectInputEvents = YES;
				INFOPLIST_KEY_UILaunchScreen_Generation = YES;
				INFOPLIST_KEY_UISupportedInterfaceOrientations_iPad = "UIInterfaceOrientationPortrait UIInterfaceOrientationPortraitUpsideDown UIInterfaceOrientationLandscapeLeft UIInterfaceOrientationLandscapeRight";
				INFOPLIST_KEY_UISupportedInterfaceOrientations_iPhone = "UIInterfaceOrientationPortrait UIInterfaceOrientationLandscapeLeft UIInterfaceOrientationLandscapeRight";
				LD_RUNPATH_SEARCH_PATHS = (
					"$(inherited)",
					"@executable_path/Frameworks",
				);
				MARKETING_VERSION = 1.0;
				PRODUCT_BUNDLE_IDENTIFIER = com.gfrigerio.SwiftUI4;
				PRODUCT_NAME = "$(TARGET_NAME)";
				SWIFT_EMIT_LOC_STRINGS = YES;
				SWIFT_VERSION = 5.0;
				TARGETED_DEVICE_FAMILY = "1,2";
			};
			name = Release;
		};
/* End XCBuildConfiguration section */

/* Begin XCConfigurationList section */
		25CB8A1D284F3E420036FC38 /* Build configuration list for PBXProject "SwiftUI4" */ = {
			isa = XCConfigurationList;
			buildConfigurations = (
				25CB8A2E284F3E440036FC38 /* Debug */,
				25CB8A2F284F3E440036FC38 /* Release */,
			);
			defaultConfigurationIsVisible = 0;
			defaultConfigurationName = Release;
		};
		25CB8A30284F3E440036FC38 /* Build configuration list for PBXNativeTarget "SwiftUI4" */ = {
			isa = XCConfigurationList;
			buildConfigurations = (
				25CB8A31284F3E440036FC38 /* Debug */,
				25CB8A32284F3E440036FC38 /* Release */,
			);
			defaultConfigurationIsVisible = 0;
			defaultConfigurationName = Release;
		};
/* End XCConfigurationList section */
	};
	rootObject = 25CB8A1A284F3E420036FC38 /* Project object */;
}
